
Microsoft Visual Studio Solution File, Format Version 12.00
# Visual Studio Version 17
VisualStudioVersion = 17.9.34728.123
MinimumVisualStudioVersion = 10.0.40219.1
Project("{2150E333-8FDC-42A3-9474-1A3956D46DE8}") = "src", "src", "{D62B03BD-B91D-49D4-AE56-B3F99EE9B057}"
EndProject
Project("{2150E333-8FDC-42A3-9474-1A3956D46DE8}") = "ACompany", "ACompany", "{C39BE167-63CE-4EDA-B77E-5B72C4BCF742}"
EndProject
Project("{2150E333-8FDC-42A3-9474-1A3956D46DE8}") = "BCompany", "BCompany", "{D8566F95-C55E-461B-8885-3B8FB2F4E102}"
EndProject
Project("{2150E333-8FDC-42A3-9474-1A3956D46DE8}") = "Gateways", "Gateways", "{9D502FB9-8FA1-462C-A924-0522AD20C73B}"
EndProject
Project("{2150E333-8FDC-42A3-9474-1A3956D46DE8}") = "IdentityServer", "IdentityServer", "{51323EFA-E014-443F-B411-C511E55F04A6}"
EndProject
Project("{2150E333-8FDC-42A3-9474-1A3956D46DE8}") = "Services", "Services", "{9DF68BDF-5062-4E77-AE29-E8B221753107}"
EndProject
Project("{2150E333-8FDC-42A3-9474-1A3956D46DE8}") = "Shared", "Shared", "{A8C208B4-3BDB-4CA4-9B19-0B3B15139062}"
EndProject
Project("{9A19103F-16F7-4668-BE54-9A1E7A4F7556}") = "OrderIntegration.ACompany.Gateways.WebGateway", "src\ACompany\Gateways\OrderIntegration.ACompany.Gateways.WebGateway\OrderIntegration.ACompany.Gateways.WebGateway.csproj", "{2ADEC219-C721-424C-B299-E426EC8C6C58}"
EndProject
Project("{9A19103F-16F7-4668-BE54-9A1E7A4F7556}") = "OrderIntegration.ACompany.IdentityServer", "src\ACompany\IdentityServer\OrderIntegration.ACompany.IdentityServer\OrderIntegration.ACompany.IdentityServer.csproj", "{69A3AF38-98D4-4F70-BC96-1629471FEF3D}"
EndProject
Project("{2150E333-8FDC-42A3-9474-1A3956D46DE8}") = "OrderManager", "OrderManager", "{C739EB1C-89C4-49CB-A88D-C80E83FB2F70}"
EndProject
Project("{9A19103F-16F7-4668-BE54-9A1E7A4F7556}") = "OrderIntegration.ACompany.Services.OrderManager.API", "src\ACompany\Services\OrderManager\OrderIntegration.ACompany.Services.OrderManager.API\OrderIntegration.ACompany.Services.OrderManager.API.csproj", "{4C6F260A-791B-4227-9826-60B5B90DA80F}"
EndProject
Project("{9A19103F-16F7-4668-BE54-9A1E7A4F7556}") = "OrderIntegration.ACompany.Services.OrderManager.Application", "src\ACompany\Services\OrderManager\OrderIntegration.ACompany.Services.OrderManager.Application\OrderIntegration.ACompany.Services.OrderManager.Application.csproj", "{FECB5759-4347-4E2A-B03E-C49754CD7CAB}"
EndProject
Project("{9A19103F-16F7-4668-BE54-9A1E7A4F7556}") = "OrderIntegration.ACompany.Services.OrderManager.Domain", "src\ACompany\Services\OrderManager\OrderIntegration.ACompany.Services.OrderManager.Domain\OrderIntegration.ACompany.Services.OrderManager.Domain.csproj", "{2C99EA81-ABAD-40E0-9B70-21229431BE8E}"
EndProject
Project("{9A19103F-16F7-4668-BE54-9A1E7A4F7556}") = "OrderIntegration.ACompany.Services.OrderManager.DomainCore", "src\ACompany\Services\OrderManager\OrderIntegration.ACompany.Services.OrderManager.DomainCore\OrderIntegration.ACompany.Services.OrderManager.DomainCore.csproj", "{8D1D9839-731C-480D-A894-BB0752194A90}"
EndProject
Project("{9A19103F-16F7-4668-BE54-9A1E7A4F7556}") = "OrderIntegration.ACompany.Services.OrderManager.Infrastructure", "src\ACompany\Services\OrderManager\OrderIntegration.ACompany.Services.OrderManager.Infrastructure\OrderIntegration.ACompany.Services.OrderManager.Infrastructure.csproj", "{0B9EDD28-B989-4CFA-9081-36A451BC2436}"
EndProject
Project("{9A19103F-16F7-4668-BE54-9A1E7A4F7556}") = "OrderIntegration.ACompany.Shared", "src\ACompany\Shared\OrderIntegration.ACompany.Shared\OrderIntegration.ACompany.Shared.csproj", "{07DE5D25-A76E-4A81-AC03-03CA0EB5EB72}"
EndProject
Project("{2150E333-8FDC-42A3-9474-1A3956D46DE8}") = "SolutionItems", "SolutionItems", "{D1ED1166-C157-48EF-B48B-40E197E1A5E8}"
	ProjectSection(SolutionItems) = preProject
		Ports.txt = Ports.txt
	EndProjectSection
EndProject
Project("{9A19103F-16F7-4668-BE54-9A1E7A4F7556}") = "OrderIntegration.BCompany.API", "src\BCompany\OrderIntegration.BCompany.API\OrderIntegration.BCompany.API.csproj", "{405F4C7D-F4CF-4263-B61A-8848236657C2}"
EndProject
Project("{9A19103F-16F7-4668-BE54-9A1E7A4F7556}") = "OrderIntegration.BCompany.Bussiness", "src\BCompany\OrderIntegration.BCompany.Bussiness\OrderIntegration.BCompany.Bussiness.csproj", "{DE2E20AC-32E9-487C-ADA8-E3D9D350E8CD}"
EndProject
Project("{9A19103F-16F7-4668-BE54-9A1E7A4F7556}") = "OrderIntegration.BCompany.DataAccess", "src\BCompany\OrderIntegration.BCompany.DataAccess\OrderIntegration.BCompany.DataAccess.csproj", "{31CBCA99-4B07-4CC5-83C3-ABA6E80933AB}"
EndProject
Project("{9A19103F-16F7-4668-BE54-9A1E7A4F7556}") = "OrderIntegration.BCompany.Entities", "src\BCompany\OrderIntegration.BCompany.Entities\OrderIntegration.BCompany.Entities.csproj", "{EB37BE8F-B6E6-4AB9-A8D5-275E59BF4257}"
EndProject
Project("{9A19103F-16F7-4668-BE54-9A1E7A4F7556}") = "OrderIntegration.ACompany.Services.OrderManager.Worker", "src\ACompany\Services\OrderManager\OrderIntegration.ACompany.Services.OrderManager.Worker\OrderIntegration.ACompany.Services.OrderManager.Worker.csproj", "{1ED1B372-1343-4D73-A87B-EA79CFEC33A5}"
EndProject
Project("{2150E333-8FDC-42A3-9474-1A3956D46DE8}") = "FrontEnds", "FrontEnds", "{221AEC49-9DEF-44B4-99F7-D7D8000CE33A}"
EndProject
Project("{FAE04EC0-301F-11D3-BF4B-00C04F79EFBC}") = "OrderIntegration.ACompany.Web", "src\ACompany\FrontEnds\OrderIntegration.ACompany.Web\OrderIntegration.ACompany.Web.csproj", "{2294BD36-C028-4589-B4F2-42934060B7A5}"
EndProject
Global
	GlobalSection(SolutionConfigurationPlatforms) = preSolution
		Debug|Any CPU = Debug|Any CPU
		Release|Any CPU = Release|Any CPU
	EndGlobalSection
	GlobalSection(ProjectConfigurationPlatforms) = postSolution
		{2ADEC219-C721-424C-B299-E426EC8C6C58}.Debug|Any CPU.ActiveCfg = Debug|Any CPU
		{2ADEC219-C721-424C-B299-E426EC8C6C58}.Debug|Any CPU.Build.0 = Debug|Any CPU
		{2ADEC219-C721-424C-B299-E426EC8C6C58}.Release|Any CPU.ActiveCfg = Release|Any CPU
		{2ADEC219-C721-424C-B299-E426EC8C6C58}.Release|Any CPU.Build.0 = Release|Any CPU
		{69A3AF38-98D4-4F70-BC96-1629471FEF3D}.Debug|Any CPU.ActiveCfg = Debug|Any CPU
		{69A3AF38-98D4-4F70-BC96-1629471FEF3D}.Debug|Any CPU.Build.0 = Debug|Any CPU
		{69A3AF38-98D4-4F70-BC96-1629471FEF3D}.Release|Any CPU.ActiveCfg = Release|Any CPU
		{69A3AF38-98D4-4F70-BC96-1629471FEF3D}.Release|Any CPU.Build.0 = Release|Any CPU
		{4C6F260A-791B-4227-9826-60B5B90DA80F}.Debug|Any CPU.ActiveCfg = Debug|Any CPU
		{4C6F260A-791B-4227-9826-60B5B90DA80F}.Debug|Any CPU.Build.0 = Debug|Any CPU
		{4C6F260A-791B-4227-9826-60B5B90DA80F}.Release|Any CPU.ActiveCfg = Release|Any CPU
		{4C6F260A-791B-4227-9826-60B5B90DA80F}.Release|Any CPU.Build.0 = Release|Any CPU
		{FECB5759-4347-4E2A-B03E-C49754CD7CAB}.Debug|Any CPU.ActiveCfg = Debug|Any CPU
		{FECB5759-4347-4E2A-B03E-C49754CD7CAB}.Debug|Any CPU.Build.0 = Debug|Any CPU
		{FECB5759-4347-4E2A-B03E-C49754CD7CAB}.Release|Any CPU.ActiveCfg = Release|Any CPU
		{FECB5759-4347-4E2A-B03E-C49754CD7CAB}.Release|Any CPU.Build.0 = Release|Any CPU
		{2C99EA81-ABAD-40E0-9B70-21229431BE8E}.Debug|Any CPU.ActiveCfg = Debug|Any CPU
		{2C99EA81-ABAD-40E0-9B70-21229431BE8E}.Debug|Any CPU.Build.0 = Debug|Any CPU
		{2C99EA81-ABAD-40E0-9B70-21229431BE8E}.Release|Any CPU.ActiveCfg = Release|Any CPU
		{2C99EA81-ABAD-40E0-9B70-21229431BE8E}.Release|Any CPU.Build.0 = Release|Any CPU
		{8D1D9839-731C-480D-A894-BB0752194A90}.Debug|Any CPU.ActiveCfg = Debug|Any CPU
		{8D1D9839-731C-480D-A894-BB0752194A90}.Debug|Any CPU.Build.0 = Debug|Any CPU
		{8D1D9839-731C-480D-A894-BB0752194A90}.Release|Any CPU.ActiveCfg = Release|Any CPU
		{8D1D9839-731C-480D-A894-BB0752194A90}.Release|Any CPU.Build.0 = Release|Any CPU
		{0B9EDD28-B989-4CFA-9081-36A451BC2436}.Debug|Any CPU.ActiveCfg = Debug|Any CPU
		{0B9EDD28-B989-4CFA-9081-36A451BC2436}.Debug|Any CPU.Build.0 = Debug|Any CPU
		{0B9EDD28-B989-4CFA-9081-36A451BC2436}.Release|Any CPU.ActiveCfg = Release|Any CPU
		{0B9EDD28-B989-4CFA-9081-36A451BC2436}.Release|Any CPU.Build.0 = Release|Any CPU
		{07DE5D25-A76E-4A81-AC03-03CA0EB5EB72}.Debug|Any CPU.ActiveCfg = Debug|Any CPU
		{07DE5D25-A76E-4A81-AC03-03CA0EB5EB72}.Debug|Any CPU.Build.0 = Debug|Any CPU
		{07DE5D25-A76E-4A81-AC03-03CA0EB5EB72}.Release|Any CPU.ActiveCfg = Release|Any CPU
		{07DE5D25-A76E-4A81-AC03-03CA0EB5EB72}.Release|Any CPU.Build.0 = Release|Any CPU
		{405F4C7D-F4CF-4263-B61A-8848236657C2}.Debug|Any CPU.ActiveCfg = Debug|Any CPU
		{405F4C7D-F4CF-4263-B61A-8848236657C2}.Debug|Any CPU.Build.0 = Debug|Any CPU
		{405F4C7D-F4CF-4263-B61A-8848236657C2}.Release|Any CPU.ActiveCfg = Release|Any CPU
		{405F4C7D-F4CF-4263-B61A-8848236657C2}.Release|Any CPU.Build.0 = Release|Any CPU
		{DE2E20AC-32E9-487C-ADA8-E3D9D350E8CD}.Debug|Any CPU.ActiveCfg = Debug|Any CPU
		{DE2E20AC-32E9-487C-ADA8-E3D9D350E8CD}.Debug|Any CPU.Build.0 = Debug|Any CPU
		{DE2E20AC-32E9-487C-ADA8-E3D9D350E8CD}.Release|Any CPU.ActiveCfg = Release|Any CPU
		{DE2E20AC-32E9-487C-ADA8-E3D9D350E8CD}.Release|Any CPU.Build.0 = Release|Any CPU
		{31CBCA99-4B07-4CC5-83C3-ABA6E80933AB}.Debug|Any CPU.ActiveCfg = Debug|Any CPU
		{31CBCA99-4B07-4CC5-83C3-ABA6E80933AB}.Debug|Any CPU.Build.0 = Debug|Any CPU
		{31CBCA99-4B07-4CC5-83C3-ABA6E80933AB}.Release|Any CPU.ActiveCfg = Release|Any CPU
		{31CBCA99-4B07-4CC5-83C3-ABA6E80933AB}.Release|Any CPU.Build.0 = Release|Any CPU
		{EB37BE8F-B6E6-4AB9-A8D5-275E59BF4257}.Debug|Any CPU.ActiveCfg = Debug|Any CPU
		{EB37BE8F-B6E6-4AB9-A8D5-275E59BF4257}.Debug|Any CPU.Build.0 = Debug|Any CPU
		{EB37BE8F-B6E6-4AB9-A8D5-275E59BF4257}.Release|Any CPU.ActiveCfg = Release|Any CPU
		{EB37BE8F-B6E6-4AB9-A8D5-275E59BF4257}.Release|Any CPU.Build.0 = Release|Any CPU
		{1ED1B372-1343-4D73-A87B-EA79CFEC33A5}.Debug|Any CPU.ActiveCfg = Debug|Any CPU
		{1ED1B372-1343-4D73-A87B-EA79CFEC33A5}.Debug|Any CPU.Build.0 = Debug|Any CPU
		{1ED1B372-1343-4D73-A87B-EA79CFEC33A5}.Release|Any CPU.ActiveCfg = Release|Any CPU
		{1ED1B372-1343-4D73-A87B-EA79CFEC33A5}.Release|Any CPU.Build.0 = Release|Any CPU
		{2294BD36-C028-4589-B4F2-42934060B7A5}.Debug|Any CPU.ActiveCfg = Debug|Any CPU
		{2294BD36-C028-4589-B4F2-42934060B7A5}.Debug|Any CPU.Build.0 = Debug|Any CPU
		{2294BD36-C028-4589-B4F2-42934060B7A5}.Release|Any CPU.ActiveCfg = Release|Any CPU
		{2294BD36-C028-4589-B4F2-42934060B7A5}.Release|Any CPU.Build.0 = Release|Any CPU
	EndGlobalSection
	GlobalSection(SolutionProperties) = preSolution
		HideSolutionNode = FALSE
	EndGlobalSection
	GlobalSection(NestedProjects) = preSolution
		{C39BE167-63CE-4EDA-B77E-5B72C4BCF742} = {D62B03BD-B91D-49D4-AE56-B3F99EE9B057}
		{D8566F95-C55E-461B-8885-3B8FB2F4E102} = {D62B03BD-B91D-49D4-AE56-B3F99EE9B057}
		{9D502FB9-8FA1-462C-A924-0522AD20C73B} = {C39BE167-63CE-4EDA-B77E-5B72C4BCF742}
		{51323EFA-E014-443F-B411-C511E55F04A6} = {C39BE167-63CE-4EDA-B77E-5B72C4BCF742}
		{9DF68BDF-5062-4E77-AE29-E8B221753107} = {C39BE167-63CE-4EDA-B77E-5B72C4BCF742}
		{A8C208B4-3BDB-4CA4-9B19-0B3B15139062} = {C39BE167-63CE-4EDA-B77E-5B72C4BCF742}
		{2ADEC219-C721-424C-B299-E426EC8C6C58} = {9D502FB9-8FA1-462C-A924-0522AD20C73B}
		{69A3AF38-98D4-4F70-BC96-1629471FEF3D} = {51323EFA-E014-443F-B411-C511E55F04A6}
		{C739EB1C-89C4-49CB-A88D-C80E83FB2F70} = {9DF68BDF-5062-4E77-AE29-E8B221753107}
		{4C6F260A-791B-4227-9826-60B5B90DA80F} = {C739EB1C-89C4-49CB-A88D-C80E83FB2F70}
		{FECB5759-4347-4E2A-B03E-C49754CD7CAB} = {C739EB1C-89C4-49CB-A88D-C80E83FB2F70}
		{2C99EA81-ABAD-40E0-9B70-21229431BE8E} = {C739EB1C-89C4-49CB-A88D-C80E83FB2F70}
		{8D1D9839-731C-480D-A894-BB0752194A90} = {C739EB1C-89C4-49CB-A88D-C80E83FB2F70}
		{0B9EDD28-B989-4CFA-9081-36A451BC2436} = {C739EB1C-89C4-49CB-A88D-C80E83FB2F70}
		{07DE5D25-A76E-4A81-AC03-03CA0EB5EB72} = {A8C208B4-3BDB-4CA4-9B19-0B3B15139062}
		{D1ED1166-C157-48EF-B48B-40E197E1A5E8} = {D62B03BD-B91D-49D4-AE56-B3F99EE9B057}
		{405F4C7D-F4CF-4263-B61A-8848236657C2} = {D8566F95-C55E-461B-8885-3B8FB2F4E102}
		{DE2E20AC-32E9-487C-ADA8-E3D9D350E8CD} = {D8566F95-C55E-461B-8885-3B8FB2F4E102}
		{31CBCA99-4B07-4CC5-83C3-ABA6E80933AB} = {D8566F95-C55E-461B-8885-3B8FB2F4E102}
		{EB37BE8F-B6E6-4AB9-A8D5-275E59BF4257} = {D8566F95-C55E-461B-8885-3B8FB2F4E102}
		{1ED1B372-1343-4D73-A87B-EA79CFEC33A5} = {C739EB1C-89C4-49CB-A88D-C80E83FB2F70}
		{221AEC49-9DEF-44B4-99F7-D7D8000CE33A} = {C39BE167-63CE-4EDA-B77E-5B72C4BCF742}
		{2294BD36-C028-4589-B4F2-42934060B7A5} = {221AEC49-9DEF-44B4-99F7-D7D8000CE33A}
	EndGlobalSection
	GlobalSection(ExtensibilityGlobals) = postSolution
		SolutionGuid = {6E380E10-FEB0-426C-A381-3210EF35AE6A}
	EndGlobalSection
EndGlobal
